
Microsoft Visual Studio Solution File, Format Version 12.00
# Visual Studio 15
VisualStudioVersion = 15.0.27130.2026
MinimumVisualStudioVersion = 10.0.40219.1
Project("{FAE04EC0-301F-11D3-BF4B-00C04F79EFBC}") = "BuildFormation", "BuildFormation\BuildFormation.csproj", "{84E18CF9-4B03-496E-88E9-506706ED22D5}"
EndProject
Project("{FAE04EC0-301F-11D3-BF4B-00C04F79EFBC}") = "BuildFormation.Tests", "BuildFormation.Tests\BuildFormation.Tests.csproj", "{7A193267-19B0-4EED-A8DA-4A6869EC46B4}"
EndProject
Global
	GlobalSection(SolutionConfigurationPlatforms) = preSolution
		Debug|Any CPU = Debug|Any CPU
		Release|Any CPU = Release|Any CPU
	EndGlobalSection
	GlobalSection(ProjectConfigurationPlatforms) = postSolution
		{84E18CF9-4B03-496E-88E9-506706ED22D5}.Debug|Any CPU.ActiveCfg = Debug|Any CPU
		{84E18CF9-4B03-496E-88E9-506706ED22D5}.Debug|Any CPU.Build.0 = Debug|Any CPU
		{84E18CF9-4B03-496E-88E9-506706ED22D5}.Release|Any CPU.ActiveCfg = Release|Any CPU
		{84E18CF9-4B03-496E-88E9-506706ED22D5}.Release|Any CPU.Build.0 = Release|Any CPU
		{7A193267-19B0-4EED-A8DA-4A6869EC46B4}.Debug|Any CPU.ActiveCfg = Debug|Any CPU
		{7A193267-19B0-4EED-A8DA-4A6869EC46B4}.Debug|Any CPU.Build.0 = Debug|Any CPU
		{7A193267-19B0-4EED-A8DA-4A6869EC46B4}.Release|Any CPU.ActiveCfg = Release|Any CPU
		{7A193267-19B0-4EED-A8DA-4A6869EC46B4}.Release|Any CPU.Build.0 = Release|Any CPU
	EndGlobalSection
	GlobalSection(SolutionProperties) = preSolution
		HideSolutionNode = FALSE
	EndGlobalSection
	GlobalSection(ExtensibilityGlobals) = postSolution
		SolutionGuid = {5FA1D3BC-7917-4B50-88F1-620A548A3EB9}
	EndGlobalSection
EndGlobal
